
Microsoft Visual Studio Solution File, Format Version 12.00
# Visual Studio 15
VisualStudioVersion = 15.0.28307.1082
MinimumVisualStudioVersion = 10.0.40219.1
Project("{8BC9CEB8-8B4A-11D0-8D11-00A0C91BC942}") = "web-v2", "web-v2\web-v2.vcxproj", "{3A61F95C-484B-4442-9190-F788A4C57754}"
EndProject
Global
	GlobalSection(SolutionConfigurationPlatforms) = preSolution
		Debug|x64 = Debug|x64
		Debug|x86 = Debug|x86
		Release|x64 = Release|x64
		Release|x86 = Release|x86
	EndGlobalSection
	GlobalSection(ProjectConfigurationPlatforms) = postSolution
		{3A61F95C-484B-4442-9190-F788A4C57754}.Debug|x64.ActiveCfg = Debug|x64
		{3A61F95C-484B-4442-9190-F788A4C57754}.Debug|x64.Build.0 = Debug|x64
		{3A61F95C-484B-4442-9190-F788A4C57754}.Debug|x86.ActiveCfg = Debug|Win32
		{3A61F95C-484B-4442-9190-F788A4C57754}.Debug|x86.Build.0 = Debug|Win32
		{3A61F95C-484B-4442-9190-F788A4C57754}.Release|x64.ActiveCfg = Release|x64
		{3A61F95C-484B-4442-9190-F788A4C57754}.Release|x64.Build.0 = Release|x64
		{3A61F95C-484B-4442-9190-F788A4C57754}.Release|x86.ActiveCfg = Release|Win32
		{3A61F95C-484B-4442-9190-F788A4C57754}.Release|x86.Build.0 = Release|Win32
	EndGlobalSection
	GlobalSection(SolutionProperties) = preSolution
		HideSolutionNode = FALSE
	EndGlobalSection
	GlobalSection(ExtensibilityGlobals) = postSolution
		SolutionGuid = {73644A80-26AA-4CBE-9D85-59F688B88D43}
	EndGlobalSection
EndGlobal
